
Microsoft Visual Studio Solution File, Format Version 12.00
# Visual Studio 14
VisualStudioVersion = 14.0.23107.0
MinimumVisualStudioVersion = 10.0.40219.1
Project("{FAE04EC0-301F-11D3-BF4B-00C04F79EFBC}") = "LeapYearMouse", "LeapYearMouse\LeapYearMouse.csproj", "{D0E8B3F8-6F69-48C1-93CF-E981A3BF7C50}"
EndProject
Global
	GlobalSection(SolutionConfigurationPlatforms) = preSolution
		Debug|Any CPU = Debug|Any CPU
		Release|Any CPU = Release|Any CPU
	EndGlobalSection
	GlobalSection(ProjectConfigurationPlatforms) = postSolution
		{D0E8B3F8-6F69-48C1-93CF-E981A3BF7C50}.Debug|Any CPU.ActiveCfg = Debug|Any CPU
		{D0E8B3F8-6F69-48C1-93CF-E981A3BF7C50}.Debug|Any CPU.Build.0 = Debug|Any CPU
		{D0E8B3F8-6F69-48C1-93CF-E981A3BF7C50}.Release|Any CPU.ActiveCfg = Release|Any CPU
		{D0E8B3F8-6F69-48C1-93CF-E981A3BF7C50}.Release|Any CPU.Build.0 = Release|Any CPU
	EndGlobalSection
	GlobalSection(SolutionProperties) = preSolution
		HideSolutionNode = FALSE
	EndGlobalSection
EndGlobal
